
Microsoft Visual Studio Solution File, Format Version 12.00
# Visual Studio Version 16
VisualStudioVersion = 16.0.30114.105
MinimumVisualStudioVersion = 10.0.40219.1
Project("{FAE04EC0-301F-11D3-BF4B-00C04F79EFBC}") = "SystemUnderTest", "SystemUnderTest\SystemUnderTest.csproj", "{582C0062-3455-43EE-9AA2-672888E96260}"
EndProject
Project("{FAE04EC0-301F-11D3-BF4B-00C04F79EFBC}") = "FlakyTests", "FlakyTests\FlakyTests.csproj", "{9294F29E-D5F3-4C2B-86F0-D0589B475C07}"
EndProject
Global
	GlobalSection(SolutionConfigurationPlatforms) = preSolution
		Debug|Any CPU = Debug|Any CPU
		Debug|x64 = Debug|x64
		Debug|x86 = Debug|x86
		Release|Any CPU = Release|Any CPU
		Release|x64 = Release|x64
		Release|x86 = Release|x86
	EndGlobalSection
	GlobalSection(SolutionProperties) = preSolution
		HideSolutionNode = FALSE
	EndGlobalSection
	GlobalSection(ProjectConfigurationPlatforms) = postSolution
		{582C0062-3455-43EE-9AA2-672888E96260}.Debug|Any CPU.ActiveCfg = Debug|Any CPU
		{582C0062-3455-43EE-9AA2-672888E96260}.Debug|Any CPU.Build.0 = Debug|Any CPU
		{582C0062-3455-43EE-9AA2-672888E96260}.Debug|x64.ActiveCfg = Debug|Any CPU
		{582C0062-3455-43EE-9AA2-672888E96260}.Debug|x64.Build.0 = Debug|Any CPU
		{582C0062-3455-43EE-9AA2-672888E96260}.Debug|x86.ActiveCfg = Debug|Any CPU
		{582C0062-3455-43EE-9AA2-672888E96260}.Debug|x86.Build.0 = Debug|Any CPU
		{582C0062-3455-43EE-9AA2-672888E96260}.Release|Any CPU.ActiveCfg = Release|Any CPU
		{582C0062-3455-43EE-9AA2-672888E96260}.Release|Any CPU.Build.0 = Release|Any CPU
		{582C0062-3455-43EE-9AA2-672888E96260}.Release|x64.ActiveCfg = Release|Any CPU
		{582C0062-3455-43EE-9AA2-672888E96260}.Release|x64.Build.0 = Release|Any CPU
		{582C0062-3455-43EE-9AA2-672888E96260}.Release|x86.ActiveCfg = Release|Any CPU
		{582C0062-3455-43EE-9AA2-672888E96260}.Release|x86.Build.0 = Release|Any CPU
		{9294F29E-D5F3-4C2B-86F0-D0589B475C07}.Debug|Any CPU.ActiveCfg = Debug|Any CPU
		{9294F29E-D5F3-4C2B-86F0-D0589B475C07}.Debug|Any CPU.Build.0 = Debug|Any CPU
		{9294F29E-D5F3-4C2B-86F0-D0589B475C07}.Debug|x64.ActiveCfg = Debug|Any CPU
		{9294F29E-D5F3-4C2B-86F0-D0589B475C07}.Debug|x64.Build.0 = Debug|Any CPU
		{9294F29E-D5F3-4C2B-86F0-D0589B475C07}.Debug|x86.ActiveCfg = Debug|Any CPU
		{9294F29E-D5F3-4C2B-86F0-D0589B475C07}.Debug|x86.Build.0 = Debug|Any CPU
		{9294F29E-D5F3-4C2B-86F0-D0589B475C07}.Release|Any CPU.ActiveCfg = Release|Any CPU
		{9294F29E-D5F3-4C2B-86F0-D0589B475C07}.Release|Any CPU.Build.0 = Release|Any CPU
		{9294F29E-D5F3-4C2B-86F0-D0589B475C07}.Release|x64.ActiveCfg = Release|Any CPU
		{9294F29E-D5F3-4C2B-86F0-D0589B475C07}.Release|x64.Build.0 = Release|Any CPU
		{9294F29E-D5F3-4C2B-86F0-D0589B475C07}.Release|x86.ActiveCfg = Release|Any CPU
		{9294F29E-D5F3-4C2B-86F0-D0589B475C07}.Release|x86.Build.0 = Release|Any CPU
	EndGlobalSection
EndGlobal
